
Microsoft Visual Studio Solution File, Format Version 12.00
# Visual Studio 14
VisualStudioVersion = 14.0.25123.0
MinimumVisualStudioVersion = 10.0.40219.1
Project("{FAE04EC0-301F-11D3-BF4B-00C04F79EFBC}") = "Snippr.Core", "src\Snippr.Core\Snippr.Core.csproj", "{D5317FBF-8428-41E0-8251-DAB6B152F0D2}"
EndProject
Project("{FAE04EC0-301F-11D3-BF4B-00C04F79EFBC}") = "Snippr.Services", "src\Snippr.Services\Snippr.Services.csproj", "{608FEA25-1DD9-4133-9D8D-12D47AE89354}"
EndProject
Project("{FAE04EC0-301F-11D3-BF4B-00C04F79EFBC}") = "Snippr.Data", "src\Snippr.Data\Snippr.Data.csproj", "{FDBCC6F0-4358-4918-B3DB-37D6883159BD}"
EndProject
Project("{FAE04EC0-301F-11D3-BF4B-00C04F79EFBC}") = "Snippr.API", "src\Snippr.API\Snippr.API.csproj", "{E61DF101-CDF5-4F44-A11A-8AC876E43DC6}"
EndProject
Global
	GlobalSection(SolutionConfigurationPlatforms) = preSolution
		Debug|Any CPU = Debug|Any CPU
		Release|Any CPU = Release|Any CPU
	EndGlobalSection
	GlobalSection(ProjectConfigurationPlatforms) = postSolution
		{D5317FBF-8428-41E0-8251-DAB6B152F0D2}.Debug|Any CPU.ActiveCfg = Debug|Any CPU
		{D5317FBF-8428-41E0-8251-DAB6B152F0D2}.Debug|Any CPU.Build.0 = Debug|Any CPU
		{D5317FBF-8428-41E0-8251-DAB6B152F0D2}.Release|Any CPU.ActiveCfg = Release|Any CPU
		{D5317FBF-8428-41E0-8251-DAB6B152F0D2}.Release|Any CPU.Build.0 = Release|Any CPU
		{608FEA25-1DD9-4133-9D8D-12D47AE89354}.Debug|Any CPU.ActiveCfg = Debug|Any CPU
		{608FEA25-1DD9-4133-9D8D-12D47AE89354}.Debug|Any CPU.Build.0 = Debug|Any CPU
		{608FEA25-1DD9-4133-9D8D-12D47AE89354}.Release|Any CPU.ActiveCfg = Release|Any CPU
		{608FEA25-1DD9-4133-9D8D-12D47AE89354}.Release|Any CPU.Build.0 = Release|Any CPU
		{FDBCC6F0-4358-4918-B3DB-37D6883159BD}.Debug|Any CPU.ActiveCfg = Debug|Any CPU
		{FDBCC6F0-4358-4918-B3DB-37D6883159BD}.Debug|Any CPU.Build.0 = Debug|Any CPU
		{FDBCC6F0-4358-4918-B3DB-37D6883159BD}.Release|Any CPU.ActiveCfg = Release|Any CPU
		{FDBCC6F0-4358-4918-B3DB-37D6883159BD}.Release|Any CPU.Build.0 = Release|Any CPU
		{E61DF101-CDF5-4F44-A11A-8AC876E43DC6}.Debug|Any CPU.ActiveCfg = Debug|Any CPU
		{E61DF101-CDF5-4F44-A11A-8AC876E43DC6}.Debug|Any CPU.Build.0 = Debug|Any CPU
		{E61DF101-CDF5-4F44-A11A-8AC876E43DC6}.Release|Any CPU.ActiveCfg = Release|Any CPU
		{E61DF101-CDF5-4F44-A11A-8AC876E43DC6}.Release|Any CPU.Build.0 = Release|Any CPU
	EndGlobalSection
	GlobalSection(SolutionProperties) = preSolution
		HideSolutionNode = FALSE
	EndGlobalSection
EndGlobal
