
Microsoft Visual Studio Solution File, Format Version 12.00
# Visual Studio Version 16
VisualStudioVersion = 16.0.31129.286
MinimumVisualStudioVersion = 10.0.40219.1
Project("{2150E333-8FDC-42A3-9474-1A3956D46DE8}") = "Presentation", "Presentation", "{1C7DE0BB-B8E4-4F74-B7AA-02A65CC4BAA6}"
EndProject
Project("{2150E333-8FDC-42A3-9474-1A3956D46DE8}") = "Core", "Core", "{8481BB60-1EA8-4653-960B-F58D047AAC10}"
EndProject
Project("{9A19103F-16F7-4668-BE54-9A1E7A4F7556}") = "Snippr.Domain", "src\Core\Snippr.Domain\Snippr.Domain.csproj", "{90D59A7F-D7FE-4C48-9EC1-B5110517E392}"
EndProject
Project("{9A19103F-16F7-4668-BE54-9A1E7A4F7556}") = "Snippr.Application", "src\Core\Snippr.Application\Snippr.Application.csproj", "{DBC5A6B2-E699-4542-B606-AB20727824F4}"
EndProject
Project("{2150E333-8FDC-42A3-9474-1A3956D46DE8}") = "Infrastructure", "Infrastructure", "{84AEB043-F3FE-4552-817D-82D42844BEE2}"
EndProject
Project("{9A19103F-16F7-4668-BE54-9A1E7A4F7556}") = "Snippr.Mongo", "src\Infrastructure\Snippr.Mongo\Snippr.Mongo.csproj", "{BF24F14F-567A-4A85-A6DB-E75079E54FE6}"
EndProject
Project("{2150E333-8FDC-42A3-9474-1A3956D46DE8}") = "Common", "Common", "{015F91D6-936C-430C-93DE-C11C277F3F2C}"
EndProject
Project("{9A19103F-16F7-4668-BE54-9A1E7A4F7556}") = "Snippr.Startup", "src\Common\Snippr.Startup\Snippr.Startup.csproj", "{36867C17-D006-4985-B2DB-10D94CA1EE5C}"
EndProject
Project("{9A19103F-16F7-4668-BE54-9A1E7A4F7556}") = "Snippr.Tests", "src\Common\Snippr.Tests\Snippr.Tests.csproj", "{894C44C0-A589-47B1-B2F6-A12FC253A643}"
EndProject
Project("{FAE04EC0-301F-11D3-BF4B-00C04F79EFBC}") = "Snippr.API", "src\Presentation\Snippr.API\Snippr.API.csproj", "{A00E8258-D3CC-4769-A63E-C99C27BB3FB4}"
EndProject
Global
	GlobalSection(SolutionConfigurationPlatforms) = preSolution
		Debug|Any CPU = Debug|Any CPU
		Release|Any CPU = Release|Any CPU
	EndGlobalSection
	GlobalSection(ProjectConfigurationPlatforms) = postSolution
		{90D59A7F-D7FE-4C48-9EC1-B5110517E392}.Debug|Any CPU.ActiveCfg = Debug|Any CPU
		{90D59A7F-D7FE-4C48-9EC1-B5110517E392}.Debug|Any CPU.Build.0 = Debug|Any CPU
		{90D59A7F-D7FE-4C48-9EC1-B5110517E392}.Release|Any CPU.ActiveCfg = Release|Any CPU
		{90D59A7F-D7FE-4C48-9EC1-B5110517E392}.Release|Any CPU.Build.0 = Release|Any CPU
		{DBC5A6B2-E699-4542-B606-AB20727824F4}.Debug|Any CPU.ActiveCfg = Debug|Any CPU
		{DBC5A6B2-E699-4542-B606-AB20727824F4}.Debug|Any CPU.Build.0 = Debug|Any CPU
		{DBC5A6B2-E699-4542-B606-AB20727824F4}.Release|Any CPU.ActiveCfg = Release|Any CPU
		{DBC5A6B2-E699-4542-B606-AB20727824F4}.Release|Any CPU.Build.0 = Release|Any CPU
		{BF24F14F-567A-4A85-A6DB-E75079E54FE6}.Debug|Any CPU.ActiveCfg = Debug|Any CPU
		{BF24F14F-567A-4A85-A6DB-E75079E54FE6}.Debug|Any CPU.Build.0 = Debug|Any CPU
		{BF24F14F-567A-4A85-A6DB-E75079E54FE6}.Release|Any CPU.ActiveCfg = Release|Any CPU
		{BF24F14F-567A-4A85-A6DB-E75079E54FE6}.Release|Any CPU.Build.0 = Release|Any CPU
		{36867C17-D006-4985-B2DB-10D94CA1EE5C}.Debug|Any CPU.ActiveCfg = Debug|Any CPU
		{36867C17-D006-4985-B2DB-10D94CA1EE5C}.Debug|Any CPU.Build.0 = Debug|Any CPU
		{36867C17-D006-4985-B2DB-10D94CA1EE5C}.Release|Any CPU.ActiveCfg = Release|Any CPU
		{36867C17-D006-4985-B2DB-10D94CA1EE5C}.Release|Any CPU.Build.0 = Release|Any CPU
		{894C44C0-A589-47B1-B2F6-A12FC253A643}.Debug|Any CPU.ActiveCfg = Debug|Any CPU
		{894C44C0-A589-47B1-B2F6-A12FC253A643}.Debug|Any CPU.Build.0 = Debug|Any CPU
		{894C44C0-A589-47B1-B2F6-A12FC253A643}.Release|Any CPU.ActiveCfg = Release|Any CPU
		{894C44C0-A589-47B1-B2F6-A12FC253A643}.Release|Any CPU.Build.0 = Release|Any CPU
		{A00E8258-D3CC-4769-A63E-C99C27BB3FB4}.Debug|Any CPU.ActiveCfg = Debug|Any CPU
		{A00E8258-D3CC-4769-A63E-C99C27BB3FB4}.Debug|Any CPU.Build.0 = Debug|Any CPU
		{A00E8258-D3CC-4769-A63E-C99C27BB3FB4}.Release|Any CPU.ActiveCfg = Release|Any CPU
		{A00E8258-D3CC-4769-A63E-C99C27BB3FB4}.Release|Any CPU.Build.0 = Release|Any CPU
	EndGlobalSection
	GlobalSection(SolutionProperties) = preSolution
		HideSolutionNode = FALSE
	EndGlobalSection
	GlobalSection(NestedProjects) = preSolution
		{90D59A7F-D7FE-4C48-9EC1-B5110517E392} = {8481BB60-1EA8-4653-960B-F58D047AAC10}
		{DBC5A6B2-E699-4542-B606-AB20727824F4} = {8481BB60-1EA8-4653-960B-F58D047AAC10}
		{BF24F14F-567A-4A85-A6DB-E75079E54FE6} = {84AEB043-F3FE-4552-817D-82D42844BEE2}
		{36867C17-D006-4985-B2DB-10D94CA1EE5C} = {015F91D6-936C-430C-93DE-C11C277F3F2C}
		{894C44C0-A589-47B1-B2F6-A12FC253A643} = {015F91D6-936C-430C-93DE-C11C277F3F2C}
		{A00E8258-D3CC-4769-A63E-C99C27BB3FB4} = {1C7DE0BB-B8E4-4F74-B7AA-02A65CC4BAA6}
	EndGlobalSection
	GlobalSection(ExtensibilityGlobals) = postSolution
		SolutionGuid = {DABD779D-05DD-4658-9E7C-D516120B33A4}
	EndGlobalSection
EndGlobal
