
Microsoft Visual Studio Solution File, Format Version 12.00
# Visual Studio Version 17
VisualStudioVersion = 17.4.33205.214
MinimumVisualStudioVersion = 10.0.40219.1
Project("{FAE04EC0-301F-11D3-BF4B-00C04F79EFBC}") = "Web", "src\Web\Web.csproj", "{61631B79-D085-4BAB-BE12-F8E850BCFF22}"
EndProject
Project("{FAE04EC0-301F-11D3-BF4B-00C04F79EFBC}") = "Application", "src\Application\Application.csproj", "{6343574D-CCF9-442C-B1C5-CD89B480637F}"
EndProject
Project("{FAE04EC0-301F-11D3-BF4B-00C04F79EFBC}") = "Persistence", "src\Persistence\Persistence.csproj", "{3B515BB5-5D49-4276-A107-F52B6349B30A}"
EndProject
Project("{FAE04EC0-301F-11D3-BF4B-00C04F79EFBC}") = "Domain", "src\Domain\Domain.csproj", "{D2E4EFCD-A521-4798-AE24-6DC7496DC191}"
EndProject
Global
	GlobalSection(SolutionConfigurationPlatforms) = preSolution
		Debug|Any CPU = Debug|Any CPU
		Release|Any CPU = Release|Any CPU
	EndGlobalSection
	GlobalSection(ProjectConfigurationPlatforms) = postSolution
		{61631B79-D085-4BAB-BE12-F8E850BCFF22}.Debug|Any CPU.ActiveCfg = Debug|Any CPU
		{61631B79-D085-4BAB-BE12-F8E850BCFF22}.Debug|Any CPU.Build.0 = Debug|Any CPU
		{61631B79-D085-4BAB-BE12-F8E850BCFF22}.Release|Any CPU.ActiveCfg = Release|Any CPU
		{61631B79-D085-4BAB-BE12-F8E850BCFF22}.Release|Any CPU.Build.0 = Release|Any CPU
		{6343574D-CCF9-442C-B1C5-CD89B480637F}.Debug|Any CPU.ActiveCfg = Debug|Any CPU
		{6343574D-CCF9-442C-B1C5-CD89B480637F}.Debug|Any CPU.Build.0 = Debug|Any CPU
		{6343574D-CCF9-442C-B1C5-CD89B480637F}.Release|Any CPU.ActiveCfg = Release|Any CPU
		{6343574D-CCF9-442C-B1C5-CD89B480637F}.Release|Any CPU.Build.0 = Release|Any CPU
		{3B515BB5-5D49-4276-A107-F52B6349B30A}.Debug|Any CPU.ActiveCfg = Debug|Any CPU
		{3B515BB5-5D49-4276-A107-F52B6349B30A}.Debug|Any CPU.Build.0 = Debug|Any CPU
		{3B515BB5-5D49-4276-A107-F52B6349B30A}.Release|Any CPU.ActiveCfg = Release|Any CPU
		{3B515BB5-5D49-4276-A107-F52B6349B30A}.Release|Any CPU.Build.0 = Release|Any CPU
		{D2E4EFCD-A521-4798-AE24-6DC7496DC191}.Debug|Any CPU.ActiveCfg = Debug|Any CPU
		{D2E4EFCD-A521-4798-AE24-6DC7496DC191}.Debug|Any CPU.Build.0 = Debug|Any CPU
		{D2E4EFCD-A521-4798-AE24-6DC7496DC191}.Release|Any CPU.ActiveCfg = Release|Any CPU
		{D2E4EFCD-A521-4798-AE24-6DC7496DC191}.Release|Any CPU.Build.0 = Release|Any CPU
	EndGlobalSection
	GlobalSection(SolutionProperties) = preSolution
		HideSolutionNode = FALSE
	EndGlobalSection
	GlobalSection(ExtensibilityGlobals) = postSolution
		SolutionGuid = {26546882-F761-4F11-8193-7DB85B004C3E}
	EndGlobalSection
EndGlobal
