
Microsoft Visual Studio Solution File, Format Version 12.00
# Visual Studio Version 17
VisualStudioVersion = 17.3.32929.385
MinimumVisualStudioVersion = 10.0.40219.1
Project("{FAE04EC0-301F-11D3-BF4B-00C04F79EFBC}") = "Gateway", "src\Gateway\Gateway.csproj", "{04E10CB2-F94A-4108-9DE0-B54DAD8DC006}"
EndProject
Global
	GlobalSection(SolutionConfigurationPlatforms) = preSolution
		Debug|Any CPU = Debug|Any CPU
		Release|Any CPU = Release|Any CPU
	EndGlobalSection
	GlobalSection(ProjectConfigurationPlatforms) = postSolution
		{04E10CB2-F94A-4108-9DE0-B54DAD8DC006}.Debug|Any CPU.ActiveCfg = Debug|Any CPU
		{04E10CB2-F94A-4108-9DE0-B54DAD8DC006}.Debug|Any CPU.Build.0 = Debug|Any CPU
		{04E10CB2-F94A-4108-9DE0-B54DAD8DC006}.Release|Any CPU.ActiveCfg = Release|Any CPU
		{04E10CB2-F94A-4108-9DE0-B54DAD8DC006}.Release|Any CPU.Build.0 = Release|Any CPU
	EndGlobalSection
	GlobalSection(SolutionProperties) = preSolution
		HideSolutionNode = FALSE
	EndGlobalSection
	GlobalSection(ExtensibilityGlobals) = postSolution
		SolutionGuid = {55D89F09-7844-48CD-ABCA-B68B1C4A48DC}
	EndGlobalSection
EndGlobal
